{
  "nodes": {
    "flake-utils": {
      "locked": {
        "lastModified": 1680776469,
        "narHash": "sha256-3CXUDK/3q/kieWtdsYpDOBJw3Gw4Af6x+2EiSnIkNQw=",
        "owner": "numtide",
        "repo": "flake-utils",
        "rev": "411e8764155aa9354dbcd6d5faaeb97e9e3dce24",
        "type": "github"
      },
      "original": {
        "owner": "numtide",
        "repo": "flake-utils",
        "type": "github"
      }
    },
    "flake-utils_2": {
      "locked": {
        "lastModified": 1680776469,
        "narHash": "sha256-3CXUDK/3q/kieWtdsYpDOBJw3Gw4Af6x+2EiSnIkNQw=",
        "owner": "numtide",
        "repo": "flake-utils",
        "rev": "411e8764155aa9354dbcd6d5faaeb97e9e3dce24",
        "type": "github"
      },
      "original": {
        "owner": "numtide",
        "repo": "flake-utils",
        "type": "github"
      }
    },
    "git-ignore-nix": {
      "inputs": {
        "nixpkgs": "nixpkgs"
      },
      "locked": {
        "lastModified": 1660459072,
        "narHash": "sha256-8DFJjXG8zqoONA1vXtgeKXy68KdJL5UaXR8NtVMUbx8=",
        "owner": "hercules-ci",
        "repo": "gitignore.nix",
        "rev": "a20de23b925fd8264fd7fad6454652e142fd7f73",
        "type": "github"
      },
      "original": {
        "owner": "hercules-ci",
        "ref": "master",
        "repo": "gitignore.nix",
        "type": "github"
      }
    },
    "git-ignore-nix_2": {
      "inputs": {
        "nixpkgs": "nixpkgs_3"
      },
      "locked": {
        "lastModified": 1660459072,
        "narHash": "sha256-8DFJjXG8zqoONA1vXtgeKXy68KdJL5UaXR8NtVMUbx8=",
        "owner": "hercules-ci",
        "repo": "gitignore.nix",
        "rev": "a20de23b925fd8264fd7fad6454652e142fd7f73",
        "type": "github"
      },
      "original": {
        "owner": "hercules-ci",
        "ref": "master",
        "repo": "gitignore.nix",
        "type": "github"
      }
    },
    "nixpkgs": {
      "locked": {
        "lastModified": 1632846328,
        "narHash": "sha256-sFi6YtlGK30TBB9o6CW7LG9mYHkgtKeWbSLAjjrNTX0=",
        "owner": "NixOS",
        "repo": "nixpkgs",
        "rev": "2b71ddd869ad592510553d09fe89c9709fa26b2b",
        "type": "github"
      },
      "original": {
        "id": "nixpkgs",
        "type": "indirect"
      }
    },
    "nixpkgs_2": {
      "locked": {
        "lastModified": 1672616430,
        "narHash": "sha256-e18rRwDUaW/Uw1tBmtsVueJ2SVI5DLhrEGwhkIo+c50=",
        "path": "/nix/store/a4ya9g18cvi9l41jjkpx610wdlwrc2ch-source",
        "rev": "0bf3109eeb61780965c27f4a0a4affdcd0cd4d3d",
        "type": "path"
      },
      "original": {
        "id": "nixpkgs",
        "type": "indirect"
      }
    },
    "nixpkgs_3": {
      "locked": {
        "lastModified": 1632846328,
        "narHash": "sha256-sFi6YtlGK30TBB9o6CW7LG9mYHkgtKeWbSLAjjrNTX0=",
        "owner": "NixOS",
        "repo": "nixpkgs",
        "rev": "2b71ddd869ad592510553d09fe89c9709fa26b2b",
        "type": "github"
      },
      "original": {
        "id": "nixpkgs",
        "type": "indirect"
      }
    },
    "nixpkgs_4": {
      "locked": {
        "lastModified": 1672616430,
        "narHash": "sha256-e18rRwDUaW/Uw1tBmtsVueJ2SVI5DLhrEGwhkIo+c50=",
        "path": "/nix/store/a4ya9g18cvi9l41jjkpx610wdlwrc2ch-source",
        "rev": "0bf3109eeb61780965c27f4a0a4affdcd0cd4d3d",
        "type": "path"
      },
      "original": {
        "id": "nixpkgs",
        "type": "indirect"
      }
    },
    "root": {
      "inputs": {
        "flake-utils": "flake-utils",
        "git-ignore-nix": "git-ignore-nix",
        "nixpkgs": "nixpkgs_2",
        "xmonad": "xmonad"
      }
    },
    "unstable": {
      "locked": {
        "lastModified": 1680669251,
        "narHash": "sha256-AVNE+0u4HlI3v96KCXE9risH7NKqj0QDLLfSckYXIbA=",
        "owner": "NixOS",
        "repo": "nixpkgs",
        "rev": "9c8ff8b426a8b07b9e0a131ac3218740dc85ba1e",
        "type": "github"
      },
      "original": {
        "owner": "NixOS",
        "ref": "nixos-unstable",
        "repo": "nixpkgs",
        "type": "github"
      }
    },
    "xmonad": {
      "inputs": {
        "flake-utils": "flake-utils_2",
        "git-ignore-nix": "git-ignore-nix_2",
        "nixpkgs": "nixpkgs_4",
        "unstable": "unstable"
      },
      "locked": {
        "lastModified": 1680852304,
        "narHash": "sha256-L7cu5Z4QwrlkoGMQ6avbsjVuo9Hq/l0ZNkn6L6yNHqU=",
        "owner": "quoteme",
        "repo": "xmonad",
        "rev": "8a2baa2bd37e70cec8a5c357edcbf9a8ff1b5f72",
        "type": "github"
      },
      "original": {
        "owner": "quoteme",
        "ref": "floating-window-decorations",
        "repo": "xmonad",
        "type": "github"
      }
    }
  },
  "root": "root",
  "version": 7
}
